// !$*UTF8*$!
{
	archiveVersion = 1;
	classes = {
	};
	objectVersion = 46;
	objects = {

/* Begin PBXBuildFile section */
		34A8FE892DBA4AA8261B5983 /* libPods-HKProjectBase-Sample.a in Frameworks */ = {isa = PBXBuildFile; fileRef = A427122FC33D74D43132950F /* libPods-HKProjectBase-Sample.a */; };
		C307C2B61CC65CBD00CB3C72 /* HKThinLine.m in Sources */ = {isa = PBXBuildFile; fileRef = C307C2B51CC65CBD00CB3C72 /* HKThinLine.m */; };
		C32934D71B2469050029E7F9 /* main.m in Sources */ = {isa = PBXBuildFile; fileRef = C32934D61B2469050029E7F9 /* main.m */; };
		C32934DA1B2469050029E7F9 /* AppDelegate.m in Sources */ = {isa = PBXBuildFile; fileRef = C32934D91B2469050029E7F9 /* AppDelegate.m */; };
		C32934DD1B2469050029E7F9 /* ViewController.m in Sources */ = {isa = PBXBuildFile; fileRef = C32934DC1B2469050029E7F9 /* ViewController.m */; };
		C32934E01B2469050029E7F9 /* Main.storyboard in Resources */ = {isa = PBXBuildFile; fileRef = C32934DE1B2469050029E7F9 /* Main.storyboard */; };
		C32934E21B2469050029E7F9 /* Images.xcassets in Resources */ = {isa = PBXBuildFile; fileRef = C32934E11B2469050029E7F9 /* Images.xcassets */; };
		C32934E51B2469050029E7F9 /* LaunchScreen.xib in Resources */ = {isa = PBXBuildFile; fileRef = C32934E31B2469050029E7F9 /* LaunchScreen.xib */; };
		C32935221B246D1B0029E7F9 /* HK_ProgressHUD_CheckMark.png in Resources */ = {isa = PBXBuildFile; fileRef = C32935161B246D1B0029E7F9 /* HK_ProgressHUD_CheckMark.png */; };
		C32935231B246D1B0029E7F9 /* HK_ProgressHUD_CheckMark@2x.png in Resources */ = {isa = PBXBuildFile; fileRef = C32935171B246D1B0029E7F9 /* HK_ProgressHUD_CheckMark@2x.png */; };
		C32935251B246D1B0029E7F9 /* UIView+MBProgressHUD.m in Sources */ = {isa = PBXBuildFile; fileRef = C329351D1B246D1B0029E7F9 /* UIView+MBProgressHUD.m */; };
		C32935261B246D1B0029E7F9 /* UIViewController+MBProgressHUD.m in Sources */ = {isa = PBXBuildFile; fileRef = C329351F1B246D1B0029E7F9 /* UIViewController+MBProgressHUD.m */; };
		C329352A1B246D5D0029E7F9 /* HKProjectBase.podspec in Resources */ = {isa = PBXBuildFile; fileRef = C32935271B246D5D0029E7F9 /* HKProjectBase.podspec */; };
		C329352B1B246D5D0029E7F9 /* LICENSE in Resources */ = {isa = PBXBuildFile; fileRef = C32935281B246D5D0029E7F9 /* LICENSE */; };
		C32935611B247BB40029E7F9 /* UIViewController+HKProjectBase.m in Sources */ = {isa = PBXBuildFile; fileRef = C32935601B247BB40029E7F9 /* UIViewController+HKProjectBase.m */; };
		C329356A1B2489CF0029E7F9 /* NSDate+HKProjectBase.m in Sources */ = {isa = PBXBuildFile; fileRef = C32935691B2489CF0029E7F9 /* NSDate+HKProjectBase.m */; };
		C329356D1B248B2C0029E7F9 /* HKProjectBaseUtils.m in Sources */ = {isa = PBXBuildFile; fileRef = C329356C1B248B2C0029E7F9 /* HKProjectBaseUtils.m */; };
		C333B2F01B3AAEAE00F12CBD /* UITextField+HKPlaceHolder.m in Sources */ = {isa = PBXBuildFile; fileRef = C333B2EF1B3AAEAE00F12CBD /* UITextField+HKPlaceHolder.m */; };
		C3A1102D1B2712C800D08D55 /* UIViewController+HKKeyboardManager.m in Sources */ = {isa = PBXBuildFile; fileRef = C3A1102C1B2712C800D08D55 /* UIViewController+HKKeyboardManager.m */; };
		C3A110331B271BA600D08D55 /* UIResponder+HKProjectBase.m in Sources */ = {isa = PBXBuildFile; fileRef = C3A110321B271BA600D08D55 /* UIResponder+HKProjectBase.m */; };
		C3A147F61B25D0D3005D3304 /* UINavigationBar+HKProjectBase.m in Sources */ = {isa = PBXBuildFile; fileRef = C3A147F51B25D0D3005D3304 /* UINavigationBar+HKProjectBase.m */; };
		C3A888061B3CFA5000DB9032 /* NSString+HKProjectBase.m in Sources */ = {isa = PBXBuildFile; fileRef = C3A888051B3CFA5000DB9032 /* NSString+HKProjectBase.m */; };
		C3C667521B2E542C00A80A92 /* NSString+HKBase64.m in Sources */ = {isa = PBXBuildFile; fileRef = C3C667511B2E542C00A80A92 /* NSString+HKBase64.m */; };
		C3C9EB961B9FF2770081321B /* HKPinYinIndexer.m in Sources */ = {isa = PBXBuildFile; fileRef = C3C9EB951B9FF2770081321B /* HKPinYinIndexer.m */; };
		C3D1CFE71BE0BA5A0013FC26 /* UIAlertController+HKProjectBase.m in Sources */ = {isa = PBXBuildFile; fileRef = C3D1CFE61BE0BA5A0013FC26 /* UIAlertController+HKProjectBase.m */; };
		C3D321801B29B5F700147A14 /* UIView+HKProjectBase.m in Sources */ = {isa = PBXBuildFile; fileRef = C3D3217F1B29B5F700147A14 /* UIView+HKProjectBase.m */; };
		C3DDA8C61B8DAB32003DB53B /* UIColor+HKHex.m in Sources */ = {isa = PBXBuildFile; fileRef = C3DDA8C51B8DAB32003DB53B /* UIColor+HKHex.m */; };
		C3E608F11C2C12790075F9D2 /* HKKeyboardManager.m in Sources */ = {isa = PBXBuildFile; fileRef = C3E608F01C2C12790075F9D2 /* HKKeyboardManager.m */; };
		C3F780421B422644007002E6 /* HKUserDefaults.m in Sources */ = {isa = PBXBuildFile; fileRef = C3F780411B422644007002E6 /* HKUserDefaults.m */; };
		C3F780451B423790007002E6 /* NSString+HKRC4.m in Sources */ = {isa = PBXBuildFile; fileRef = C3F780441B423790007002E6 /* NSString+HKRC4.m */; };
/* End PBXBuildFile section */

/* Begin PBXFileReference section */
		9AA50200010FF44ECCEA6E86 /* Pods-HKProjectBase-Sample.release.xcconfig */ = {isa = PBXFileReference; includeInIndex = 1; lastKnownFileType = text.xcconfig; name = "Pods-HKProjectBase-Sample.release.xcconfig"; path = "Pods/Target Support Files/Pods-HKProjectBase-Sample/Pods-HKProjectBase-Sample.release.xcconfig"; sourceTree = "<group>"; };
		A427122FC33D74D43132950F /* libPods-HKProjectBase-Sample.a */ = {isa = PBXFileReference; explicitFileType = archive.ar; includeInIndex = 0; path = "libPods-HKProjectBase-Sample.a"; sourceTree = BUILT_PRODUCTS_DIR; };
		C307C2B41CC65CBD00CB3C72 /* HKThinLine.h */ = {isa = PBXFileReference; fileEncoding = 4; lastKnownFileType = sourcecode.c.h; path = HKThinLine.h; sourceTree = "<group>"; };
		C307C2B51CC65CBD00CB3C72 /* HKThinLine.m */ = {isa = PBXFileReference; fileEncoding = 4; lastKnownFileType = sourcecode.c.objc; path = HKThinLine.m; sourceTree = "<group>"; };
		C32934D11B2469050029E7F9 /* HKProjectBase-Sample.app */ = {isa = PBXFileReference; explicitFileType = wrapper.application; includeInIndex = 0; path = "HKProjectBase-Sample.app"; sourceTree = BUILT_PRODUCTS_DIR; };
		C32934D51B2469050029E7F9 /* Info.plist */ = {isa = PBXFileReference; lastKnownFileType = text.plist.xml; path = Info.plist; sourceTree = "<group>"; };
		C32934D61B2469050029E7F9 /* main.m */ = {isa = PBXFileReference; lastKnownFileType = sourcecode.c.objc; path = main.m; sourceTree = "<group>"; };
		C32934D81B2469050029E7F9 /* AppDelegate.h */ = {isa = PBXFileReference; lastKnownFileType = sourcecode.c.h; path = AppDelegate.h; sourceTree = "<group>"; };
		C32934D91B2469050029E7F9 /* AppDelegate.m */ = {isa = PBXFileReference; lastKnownFileType = sourcecode.c.objc; path = AppDelegate.m; sourceTree = "<group>"; };
		C32934DB1B2469050029E7F9 /* ViewController.h */ = {isa = PBXFileReference; lastKnownFileType = sourcecode.c.h; path = ViewController.h; sourceTree = "<group>"; };
		C32934DC1B2469050029E7F9 /* ViewController.m */ = {isa = PBXFileReference; lastKnownFileType = sourcecode.c.objc; path = ViewController.m; sourceTree = "<group>"; };
		C32934DF1B2469050029E7F9 /* Base */ = {isa = PBXFileReference; lastKnownFileType = file.storyboard; name = Base; path = Base.lproj/Main.storyboard; sourceTree = "<group>"; };
		C32934E11B2469050029E7F9 /* Images.xcassets */ = {isa = PBXFileReference; lastKnownFileType = folder.assetcatalog; path = Images.xcassets; sourceTree = "<group>"; };
		C32934E41B2469050029E7F9 /* Base */ = {isa = PBXFileReference; lastKnownFileType = file.xib; name = Base; path = Base.lproj/LaunchScreen.xib; sourceTree = "<group>"; };
		C32935161B246D1B0029E7F9 /* HK_ProgressHUD_CheckMark.png */ = {isa = PBXFileReference; lastKnownFileType = image.png; path = HK_ProgressHUD_CheckMark.png; sourceTree = "<group>"; };
		C32935171B246D1B0029E7F9 /* HK_ProgressHUD_CheckMark@2x.png */ = {isa = PBXFileReference; lastKnownFileType = image.png; path = "HK_ProgressHUD_CheckMark@2x.png"; sourceTree = "<group>"; };
		C329351A1B246D1B0029E7F9 /* HKProjectBase.h */ = {isa = PBXFileReference; fileEncoding = 4; lastKnownFileType = sourcecode.c.h; path = HKProjectBase.h; sourceTree = "<group>"; };
		C329351C1B246D1B0029E7F9 /* UIView+MBProgressHUD.h */ = {isa = PBXFileReference; fileEncoding = 4; lastKnownFileType = sourcecode.c.h; path = "UIView+MBProgressHUD.h"; sourceTree = "<group>"; };
		C329351D1B246D1B0029E7F9 /* UIView+MBProgressHUD.m */ = {isa = PBXFileReference; fileEncoding = 4; lastKnownFileType = sourcecode.c.objc; path = "UIView+MBProgressHUD.m"; sourceTree = "<group>"; };
		C329351E1B246D1B0029E7F9 /* UIViewController+MBProgressHUD.h */ = {isa = PBXFileReference; fileEncoding = 4; lastKnownFileType = sourcecode.c.h; path = "UIViewController+MBProgressHUD.h"; sourceTree = "<group>"; };
		C329351F1B246D1B0029E7F9 /* UIViewController+MBProgressHUD.m */ = {isa = PBXFileReference; fileEncoding = 4; lastKnownFileType = sourcecode.c.objc; path = "UIViewController+MBProgressHUD.m"; sourceTree = "<group>"; };
		C32935271B246D5D0029E7F9 /* HKProjectBase.podspec */ = {isa = PBXFileReference; fileEncoding = 4; lastKnownFileType = text; name = HKProjectBase.podspec; path = ../HKProjectBase.podspec; sourceTree = "<group>"; };
		C32935281B246D5D0029E7F9 /* LICENSE */ = {isa = PBXFileReference; fileEncoding = 4; lastKnownFileType = text; name = LICENSE; path = ../LICENSE; sourceTree = "<group>"; };
		C32935291B246D5D0029E7F9 /* README.md */ = {isa = PBXFileReference; fileEncoding = 4; lastKnownFileType = net.daringfireball.markdown; name = README.md; path = ../README.md; sourceTree = "<group>"; };
		C329355F1B247BB40029E7F9 /* UIViewController+HKProjectBase.h */ = {isa = PBXFileReference; fileEncoding = 4; lastKnownFileType = sourcecode.c.h; path = "UIViewController+HKProjectBase.h"; sourceTree = "<group>"; };
		C32935601B247BB40029E7F9 /* UIViewController+HKProjectBase.m */ = {isa = PBXFileReference; fileEncoding = 4; lastKnownFileType = sourcecode.c.objc; path = "UIViewController+HKProjectBase.m"; sourceTree = "<group>"; };
		C32935681B2489CF0029E7F9 /* NSDate+HKProjectBase.h */ = {isa = PBXFileReference; fileEncoding = 4; lastKnownFileType = sourcecode.c.h; path = "NSDate+HKProjectBase.h"; sourceTree = "<group>"; };
		C32935691B2489CF0029E7F9 /* NSDate+HKProjectBase.m */ = {isa = PBXFileReference; fileEncoding = 4; lastKnownFileType = sourcecode.c.objc; path = "NSDate+HKProjectBase.m"; sourceTree = "<group>"; };
		C329356B1B248B2C0029E7F9 /* HKProjectBaseUtils.h */ = {isa = PBXFileReference; fileEncoding = 4; lastKnownFileType = sourcecode.c.h; path = HKProjectBaseUtils.h; sourceTree = "<group>"; };
		C329356C1B248B2C0029E7F9 /* HKProjectBaseUtils.m */ = {isa = PBXFileReference; fileEncoding = 4; lastKnownFileType = sourcecode.c.objc; path = HKProjectBaseUtils.m; sourceTree = "<group>"; };
		C333B2EE1B3AAEAE00F12CBD /* UITextField+HKPlaceHolder.h */ = {isa = PBXFileReference; fileEncoding = 4; lastKnownFileType = sourcecode.c.h; path = "UITextField+HKPlaceHolder.h"; sourceTree = "<group>"; };
		C333B2EF1B3AAEAE00F12CBD /* UITextField+HKPlaceHolder.m */ = {isa = PBXFileReference; fileEncoding = 4; lastKnownFileType = sourcecode.c.objc; path = "UITextField+HKPlaceHolder.m"; sourceTree = "<group>"; };
		C3A1102B1B2712C800D08D55 /* UIViewController+HKKeyboardManager.h */ = {isa = PBXFileReference; fileEncoding = 4; lastKnownFileType = sourcecode.c.h; path = "UIViewController+HKKeyboardManager.h"; sourceTree = "<group>"; };
		C3A1102C1B2712C800D08D55 /* UIViewController+HKKeyboardManager.m */ = {isa = PBXFileReference; fileEncoding = 4; lastKnownFileType = sourcecode.c.objc; path = "UIViewController+HKKeyboardManager.m"; sourceTree = "<group>"; };
		C3A110311B271BA600D08D55 /* UIResponder+HKProjectBase.h */ = {isa = PBXFileReference; fileEncoding = 4; lastKnownFileType = sourcecode.c.h; path = "UIResponder+HKProjectBase.h"; sourceTree = "<group>"; };
		C3A110321B271BA600D08D55 /* UIResponder+HKProjectBase.m */ = {isa = PBXFileReference; fileEncoding = 4; lastKnownFileType = sourcecode.c.objc; path = "UIResponder+HKProjectBase.m"; sourceTree = "<group>"; };
		C3A147F41B25D0D3005D3304 /* UINavigationBar+HKProjectBase.h */ = {isa = PBXFileReference; fileEncoding = 4; lastKnownFileType = sourcecode.c.h; path = "UINavigationBar+HKProjectBase.h"; sourceTree = "<group>"; };
		C3A147F51B25D0D3005D3304 /* UINavigationBar+HKProjectBase.m */ = {isa = PBXFileReference; fileEncoding = 4; lastKnownFileType = sourcecode.c.objc; path = "UINavigationBar+HKProjectBase.m"; sourceTree = "<group>"; };
		C3A888041B3CFA5000DB9032 /* NSString+HKProjectBase.h */ = {isa = PBXFileReference; fileEncoding = 4; lastKnownFileType = sourcecode.c.h; path = "NSString+HKProjectBase.h"; sourceTree = "<group>"; };
		C3A888051B3CFA5000DB9032 /* NSString+HKProjectBase.m */ = {isa = PBXFileReference; fileEncoding = 4; lastKnownFileType = sourcecode.c.objc; path = "NSString+HKProjectBase.m"; sourceTree = "<group>"; };
		C3C667501B2E542C00A80A92 /* NSString+HKBase64.h */ = {isa = PBXFileReference; fileEncoding = 4; lastKnownFileType = sourcecode.c.h; path = "NSString+HKBase64.h"; sourceTree = "<group>"; };
		C3C667511B2E542C00A80A92 /* NSString+HKBase64.m */ = {isa = PBXFileReference; fileEncoding = 4; lastKnownFileType = sourcecode.c.objc; path = "NSString+HKBase64.m"; sourceTree = "<group>"; };
		C3C9EB941B9FF2770081321B /* HKPinYinIndexer.h */ = {isa = PBXFileReference; fileEncoding = 4; lastKnownFileType = sourcecode.c.h; path = HKPinYinIndexer.h; sourceTree = "<group>"; };
		C3C9EB951B9FF2770081321B /* HKPinYinIndexer.m */ = {isa = PBXFileReference; fileEncoding = 4; lastKnownFileType = sourcecode.c.objc; path = HKPinYinIndexer.m; sourceTree = "<group>"; };
		C3D1CFE51BE0BA5A0013FC26 /* UIAlertController+HKProjectBase.h */ = {isa = PBXFileReference; fileEncoding = 4; lastKnownFileType = sourcecode.c.h; path = "UIAlertController+HKProjectBase.h"; sourceTree = "<group>"; };
		C3D1CFE61BE0BA5A0013FC26 /* UIAlertController+HKProjectBase.m */ = {isa = PBXFileReference; fileEncoding = 4; lastKnownFileType = sourcecode.c.objc; path = "UIAlertController+HKProjectBase.m"; sourceTree = "<group>"; };
		C3D3217E1B29B5F700147A14 /* UIView+HKProjectBase.h */ = {isa = PBXFileReference; fileEncoding = 4; lastKnownFileType = sourcecode.c.h; path = "UIView+HKProjectBase.h"; sourceTree = "<group>"; };
		C3D3217F1B29B5F700147A14 /* UIView+HKProjectBase.m */ = {isa = PBXFileReference; fileEncoding = 4; lastKnownFileType = sourcecode.c.objc; path = "UIView+HKProjectBase.m"; sourceTree = "<group>"; };
		C3DDA8C41B8DAB32003DB53B /* UIColor+HKHex.h */ = {isa = PBXFileReference; fileEncoding = 4; lastKnownFileType = sourcecode.c.h; path = "UIColor+HKHex.h"; sourceTree = "<group>"; };
		C3DDA8C51B8DAB32003DB53B /* UIColor+HKHex.m */ = {isa = PBXFileReference; fileEncoding = 4; lastKnownFileType = sourcecode.c.objc; path = "UIColor+HKHex.m"; sourceTree = "<group>"; };
		C3E608EF1C2C12790075F9D2 /* HKKeyboardManager.h */ = {isa = PBXFileReference; fileEncoding = 4; lastKnownFileType = sourcecode.c.h; name = HKKeyboardManager.h; path = "../UI Extentions/HKKeyboardManager.h"; sourceTree = "<group>"; };
		C3E608F01C2C12790075F9D2 /* HKKeyboardManager.m */ = {isa = PBXFileReference; fileEncoding = 4; lastKnownFileType = sourcecode.c.objc; name = HKKeyboardManager.m; path = "../UI Extentions/HKKeyboardManager.m"; sourceTree = "<group>"; };
		C3F780401B422644007002E6 /* HKUserDefaults.h */ = {isa = PBXFileReference; fileEncoding = 4; lastKnownFileType = sourcecode.c.h; path = HKUserDefaults.h; sourceTree = "<group>"; };
		C3F780411B422644007002E6 /* HKUserDefaults.m */ = {isa = PBXFileReference; fileEncoding = 4; lastKnownFileType = sourcecode.c.objc; path = HKUserDefaults.m; sourceTree = "<group>"; };
		C3F780431B423790007002E6 /* NSString+HKRC4.h */ = {isa = PBXFileReference; fileEncoding = 4; lastKnownFileType = sourcecode.c.h; path = "NSString+HKRC4.h"; sourceTree = "<group>"; };
		C3F780441B423790007002E6 /* NSString+HKRC4.m */ = {isa = PBXFileReference; fileEncoding = 4; lastKnownFileType = sourcecode.c.objc; path = "NSString+HKRC4.m"; sourceTree = "<group>"; };
		F7F1E7CE09EDE092443A6C7E /* Pods-HKProjectBase-Sample.debug.xcconfig */ = {isa = PBXFileReference; includeInIndex = 1; lastKnownFileType = text.xcconfig; name = "Pods-HKProjectBase-Sample.debug.xcconfig"; path = "Pods/Target Support Files/Pods-HKProjectBase-Sample/Pods-HKProjectBase-Sample.debug.xcconfig"; sourceTree = "<group>"; };
/* End PBXFileReference section */

/* Begin PBXFrameworksBuildPhase section */
		C32934CE1B2469050029E7F9 /* Frameworks */ = {
			isa = PBXFrameworksBuildPhase;
			buildActionMask = 2147483647;
			files = (
				34A8FE892DBA4AA8261B5983 /* libPods-HKProjectBase-Sample.a in Frameworks */,
			);
			runOnlyForDeploymentPostprocessing = 0;
		};
/* End PBXFrameworksBuildPhase section */

/* Begin PBXGroup section */
		6606FDCA50EC16FB3D0577F6 /* Frameworks */ = {
			isa = PBXGroup;
			children = (
				A427122FC33D74D43132950F /* libPods-HKProjectBase-Sample.a */,
			);
			name = Frameworks;
			sourceTree = "<group>";
		};
		68EB145AB5492F80DA05A133 /* Pods */ = {
			isa = PBXGroup;
			children = (
				F7F1E7CE09EDE092443A6C7E /* Pods-HKProjectBase-Sample.debug.xcconfig */,
				9AA50200010FF44ECCEA6E86 /* Pods-HKProjectBase-Sample.release.xcconfig */,
			);
			name = Pods;
			sourceTree = "<group>";
		};
		C32934C81B2469050029E7F9 = {
			isa = PBXGroup;
			children = (
				C32934FA1B2469FB0029E7F9 /* HKProjectBase */,
				C32934D31B2469050029E7F9 /* HKProjectBase-Sample */,
				C32934D21B2469050029E7F9 /* Products */,
				68EB145AB5492F80DA05A133 /* Pods */,
				6606FDCA50EC16FB3D0577F6 /* Frameworks */,
			);
			sourceTree = "<group>";
		};
		C32934D21B2469050029E7F9 /* Products */ = {
			isa = PBXGroup;
			children = (
				C32934D11B2469050029E7F9 /* HKProjectBase-Sample.app */,
			);
			name = Products;
			sourceTree = "<group>";
		};
		C32934D31B2469050029E7F9 /* HKProjectBase-Sample */ = {
			isa = PBXGroup;
			children = (
				C32934D81B2469050029E7F9 /* AppDelegate.h */,
				C32934D91B2469050029E7F9 /* AppDelegate.m */,
				C32934DB1B2469050029E7F9 /* ViewController.h */,
				C32934DC1B2469050029E7F9 /* ViewController.m */,
				C32934DE1B2469050029E7F9 /* Main.storyboard */,
				C32934E11B2469050029E7F9 /* Images.xcassets */,
				C32934E31B2469050029E7F9 /* LaunchScreen.xib */,
				C32934D41B2469050029E7F9 /* Supporting Files */,
			);
			path = "HKProjectBase-Sample";
			sourceTree = "<group>";
		};
		C32934D41B2469050029E7F9 /* Supporting Files */ = {
			isa = PBXGroup;
			children = (
				C32934D51B2469050029E7F9 /* Info.plist */,
				C32934D61B2469050029E7F9 /* main.m */,
			);
			name = "Supporting Files";
			sourceTree = "<group>";
		};
		C32934FA1B2469FB0029E7F9 /* HKProjectBase */ = {
			isa = PBXGroup;
			children = (
				C32935271B246D5D0029E7F9 /* HKProjectBase.podspec */,
				C32935281B246D5D0029E7F9 /* LICENSE */,
				C32935291B246D5D0029E7F9 /* README.md */,
				C32935141B246D1B0029E7F9 /* Assets */,
				C32935181B246D1B0029E7F9 /* Classes */,
			);
			name = HKProjectBase;
			sourceTree = "<group>";
		};
		C32935141B246D1B0029E7F9 /* Assets */ = {
			isa = PBXGroup;
			children = (
				C32935161B246D1B0029E7F9 /* HK_ProgressHUD_CheckMark.png */,
				C32935171B246D1B0029E7F9 /* HK_ProgressHUD_CheckMark@2x.png */,
			);
			name = Assets;
			path = ../Pod/Assets;
			sourceTree = "<group>";
		};
		C32935181B246D1B0029E7F9 /* Classes */ = {
			isa = PBXGroup;
			children = (
				C329351A1B246D1B0029E7F9 /* HKProjectBase.h */,
				C329351B1B246D1B0029E7F9 /* UI Extentions */,
				C32935201B246D1B0029E7F9 /* Utils */,
			);
			name = Classes;
			path = ../Pod/Classes;
			sourceTree = "<group>";
		};
		C329351B1B246D1B0029E7F9 /* UI Extentions */ = {
			isa = PBXGroup;
			children = (
				C329351C1B246D1B0029E7F9 /* UIView+MBProgressHUD.h */,
				C329351D1B246D1B0029E7F9 /* UIView+MBProgressHUD.m */,
				C329351E1B246D1B0029E7F9 /* UIViewController+MBProgressHUD.h */,
				C329351F1B246D1B0029E7F9 /* UIViewController+MBProgressHUD.m */,
				C3D3217E1B29B5F700147A14 /* UIView+HKProjectBase.h */,
				C3D3217F1B29B5F700147A14 /* UIView+HKProjectBase.m */,
				C329355F1B247BB40029E7F9 /* UIViewController+HKProjectBase.h */,
				C32935601B247BB40029E7F9 /* UIViewController+HKProjectBase.m */,
				C3D1CFE51BE0BA5A0013FC26 /* UIAlertController+HKProjectBase.h */,
				C3D1CFE61BE0BA5A0013FC26 /* UIAlertController+HKProjectBase.m */,
				C3A147F41B25D0D3005D3304 /* UINavigationBar+HKProjectBase.h */,
				C3A147F51B25D0D3005D3304 /* UINavigationBar+HKProjectBase.m */,
				C3A110311B271BA600D08D55 /* UIResponder+HKProjectBase.h */,
				C3A110321B271BA600D08D55 /* UIResponder+HKProjectBase.m */,
				C3A1102B1B2712C800D08D55 /* UIViewController+HKKeyboardManager.h */,
				C3A1102C1B2712C800D08D55 /* UIViewController+HKKeyboardManager.m */,
				C333B2EE1B3AAEAE00F12CBD /* UITextField+HKPlaceHolder.h */,
				C333B2EF1B3AAEAE00F12CBD /* UITextField+HKPlaceHolder.m */,
			);
			path = "UI Extentions";
			sourceTree = "<group>";
		};
		C32935201B246D1B0029E7F9 /* Utils */ = {
			isa = PBXGroup;
			children = (
				C329356B1B248B2C0029E7F9 /* HKProjectBaseUtils.h */,
				C329356C1B248B2C0029E7F9 /* HKProjectBaseUtils.m */,
				C3E608EF1C2C12790075F9D2 /* HKKeyboardManager.h */,
				C3E608F01C2C12790075F9D2 /* HKKeyboardManager.m */,
				C3F780401B422644007002E6 /* HKUserDefaults.h */,
				C3F780411B422644007002E6 /* HKUserDefaults.m */,
				C32935681B2489CF0029E7F9 /* NSDate+HKProjectBase.h */,
				C32935691B2489CF0029E7F9 /* NSDate+HKProjectBase.m */,
				C3C667501B2E542C00A80A92 /* NSString+HKBase64.h */,
				C3C667511B2E542C00A80A92 /* NSString+HKBase64.m */,
				C3F780431B423790007002E6 /* NSString+HKRC4.h */,
				C3F780441B423790007002E6 /* NSString+HKRC4.m */,
				C3A888041B3CFA5000DB9032 /* NSString+HKProjectBase.h */,
				C3A888051B3CFA5000DB9032 /* NSString+HKProjectBase.m */,
				C3DDA8C41B8DAB32003DB53B /* UIColor+HKHex.h */,
				C3DDA8C51B8DAB32003DB53B /* UIColor+HKHex.m */,
				C3C9EB941B9FF2770081321B /* HKPinYinIndexer.h */,
				C3C9EB951B9FF2770081321B /* HKPinYinIndexer.m */,
				C307C2B41CC65CBD00CB3C72 /* HKThinLine.h */,
				C307C2B51CC65CBD00CB3C72 /* HKThinLine.m */,
			);
			path = Utils;
			sourceTree = "<group>";
		};
/* End PBXGroup section */

/* Begin PBXNativeTarget section */
		C32934D01B2469050029E7F9 /* HKProjectBase-Sample */ = {
			isa = PBXNativeTarget;
			buildConfigurationList = C32934F41B2469050029E7F9 /* Build configuration list for PBXNativeTarget "HKProjectBase-Sample" */;
			buildPhases = (
				861DFE983AA562AD15629C24 /* Check Pods Manifest.lock */,
				C32934CD1B2469050029E7F9 /* Sources */,
				C32934CE1B2469050029E7F9 /* Frameworks */,
				C32934CF1B2469050029E7F9 /* Resources */,
				A2CBC475FFA5DE272AEDD863 /* Copy Pods Resources */,
			);
			buildRules = (
			);
			dependencies = (
			);
			name = "HKProjectBase-Sample";
			productName = "HKProjectBase-Sample";
			productReference = C32934D11B2469050029E7F9 /* HKProjectBase-Sample.app */;
			productType = "com.apple.product-type.application";
		};
/* End PBXNativeTarget section */

/* Begin PBXProject section */
		C32934C91B2469050029E7F9 /* Project object */ = {
			isa = PBXProject;
			attributes = {
				LastUpgradeCheck = 0710;
				ORGANIZATIONNAME = Harley.xk;
				TargetAttributes = {
					C32934D01B2469050029E7F9 = {
						CreatedOnToolsVersion = 6.3.2;
					};
				};
			};
			buildConfigurationList = C32934CC1B2469050029E7F9 /* Build configuration list for PBXProject "HKProjectBase-Sample" */;
			compatibilityVersion = "Xcode 3.2";
			developmentRegion = English;
			hasScannedForEncodings = 0;
			knownRegions = (
				en,
				Base,
			);
			mainGroup = C32934C81B2469050029E7F9;
			productRefGroup = C32934D21B2469050029E7F9 /* Products */;
			projectDirPath = "";
			projectRoot = "";
			targets = (
				C32934D01B2469050029E7F9 /* HKProjectBase-Sample */,
			);
		};
/* End PBXProject section */

/* Begin PBXResourcesBuildPhase section */
		C32934CF1B2469050029E7F9 /* Resources */ = {
			isa = PBXResourcesBuildPhase;
			buildActionMask = 2147483647;
			files = (
				C32934E01B2469050029E7F9 /* Main.storyboard in Resources */,
				C32934E51B2469050029E7F9 /* LaunchScreen.xib in Resources */,
				C32934E21B2469050029E7F9 /* Images.xcassets in Resources */,
				C329352B1B246D5D0029E7F9 /* LICENSE in Resources */,
				C32935231B246D1B0029E7F9 /* HK_ProgressHUD_CheckMark@2x.png in Resources */,
				C329352A1B246D5D0029E7F9 /* HKProjectBase.podspec in Resources */,
				C32935221B246D1B0029E7F9 /* HK_ProgressHUD_CheckMark.png in Resources */,
			);
			runOnlyForDeploymentPostprocessing = 0;
		};
/* End PBXResourcesBuildPhase section */

/* Begin PBXShellScriptBuildPhase section */
		861DFE983AA562AD15629C24 /* Check Pods Manifest.lock */ = {
			isa = PBXShellScriptBuildPhase;
			buildActionMask = 2147483647;
			files = (
			);
			inputPaths = (
			);
			name = "Check Pods Manifest.lock";
			outputPaths = (
			);
			runOnlyForDeploymentPostprocessing = 0;
			shellPath = /bin/sh;
			shellScript = "diff \"${PODS_ROOT}/../Podfile.lock\" \"${PODS_ROOT}/Manifest.lock\" > /dev/null\nif [[ $? != 0 ]] ; then\n    cat << EOM\nerror: The sandbox is not in sync with the Podfile.lock. Run 'pod install' or update your CocoaPods installation.\nEOM\n    exit 1\nfi\n";
			showEnvVarsInLog = 0;
		};
		A2CBC475FFA5DE272AEDD863 /* Copy Pods Resources */ = {
			isa = PBXShellScriptBuildPhase;
			buildActionMask = 2147483647;
			files = (
			);
			inputPaths = (
			);
			name = "Copy Pods Resources";
			outputPaths = (
			);
			runOnlyForDeploymentPostprocessing = 0;
			shellPath = /bin/sh;
			shellScript = "\"${SRCROOT}/Pods/Target Support Files/Pods-HKProjectBase-Sample/Pods-HKProjectBase-Sample-resources.sh\"\n";
			showEnvVarsInLog = 0;
		};
/* End PBXShellScriptBuildPhase section */

/* Begin PBXSourcesBuildPhase section */
		C32934CD1B2469050029E7F9 /* Sources */ = {
			isa = PBXSourcesBuildPhase;
			buildActionMask = 2147483647;
			files = (
				C3A147F61B25D0D3005D3304 /* UINavigationBar+HKProjectBase.m in Sources */,
				C3F780451B423790007002E6 /* NSString+HKRC4.m in Sources */,
				C3F780421B422644007002E6 /* HKUserDefaults.m in Sources */,
				C32935261B246D1B0029E7F9 /* UIViewController+MBProgressHUD.m in Sources */,
				C329356A1B2489CF0029E7F9 /* NSDate+HKProjectBase.m in Sources */,
				C3D321801B29B5F700147A14 /* UIView+HKProjectBase.m in Sources */,
				C3A110331B271BA600D08D55 /* UIResponder+HKProjectBase.m in Sources */,
				C333B2F01B3AAEAE00F12CBD /* UITextField+HKPlaceHolder.m in Sources */,
				C32934DD1B2469050029E7F9 /* ViewController.m in Sources */,
				C329356D1B248B2C0029E7F9 /* HKProjectBaseUtils.m in Sources */,
				C32934DA1B2469050029E7F9 /* AppDelegate.m in Sources */,
				C3C667521B2E542C00A80A92 /* NSString+HKBase64.m in Sources */,
				C3D1CFE71BE0BA5A0013FC26 /* UIAlertController+HKProjectBase.m in Sources */,
				C3E608F11C2C12790075F9D2 /* HKKeyboardManager.m in Sources */,
				C3DDA8C61B8DAB32003DB53B /* UIColor+HKHex.m in Sources */,
				C307C2B61CC65CBD00CB3C72 /* HKThinLine.m in Sources */,
				C32935251B246D1B0029E7F9 /* UIView+MBProgressHUD.m in Sources */,
				C3A888061B3CFA5000DB9032 /* NSString+HKProjectBase.m in Sources */,
				C3C9EB961B9FF2770081321B /* HKPinYinIndexer.m in Sources */,
				C3A1102D1B2712C800D08D55 /* UIViewController+HKKeyboardManager.m in Sources */,
				C32935611B247BB40029E7F9 /* UIViewController+HKProjectBase.m in Sources */,
				C32934D71B2469050029E7F9 /* main.m in Sources */,
			);
			runOnlyForDeploymentPostprocessing = 0;
		};
/* End PBXSourcesBuildPhase section */

/* Begin PBXVariantGroup section */
		C32934DE1B2469050029E7F9 /* Main.storyboard */ = {
			isa = PBXVariantGroup;
			children = (
				C32934DF1B2469050029E7F9 /* Base */,
			);
			name = Main.storyboard;
			sourceTree = "<group>";
		};
		C32934E31B2469050029E7F9 /* LaunchScreen.xib */ = {
			isa = PBXVariantGroup;
			children = (
				C32934E41B2469050029E7F9 /* Base */,
			);
			name = LaunchScreen.xib;
			sourceTree = "<group>";
		};
/* End PBXVariantGroup section */

/* Begin XCBuildConfiguration section */
		C32934F21B2469050029E7F9 /* Debug */ = {
			isa = XCBuildConfiguration;
			buildSettings = {
				ALWAYS_SEARCH_USER_PATHS = NO;
				CLANG_CXX_LANGUAGE_STANDARD = "gnu++0x";
				CLANG_CXX_LIBRARY = "libc++";
				CLANG_ENABLE_MODULES = YES;
				CLANG_ENABLE_OBJC_ARC = YES;
				CLANG_WARN_BOOL_CONVERSION = YES;
				CLANG_WARN_CONSTANT_CONVERSION = YES;
				CLANG_WARN_DIRECT_OBJC_ISA_USAGE = YES_ERROR;
				CLANG_WARN_EMPTY_BODY = YES;
				CLANG_WARN_ENUM_CONVERSION = YES;
				CLANG_WARN_INT_CONVERSION = YES;
				CLANG_WARN_OBJC_ROOT_CLASS = YES_ERROR;
				CLANG_WARN_UNREACHABLE_CODE = YES;
				CLANG_WARN__DUPLICATE_METHOD_MATCH = YES;
				"CODE_SIGN_IDENTITY[sdk=iphoneos*]" = "iPhone Developer";
				COPY_PHASE_STRIP = NO;
				DEBUG_INFORMATION_FORMAT = "dwarf-with-dsym";
				ENABLE_STRICT_OBJC_MSGSEND = YES;
				ENABLE_TESTABILITY = YES;
				GCC_C_LANGUAGE_STANDARD = gnu99;
				GCC_DYNAMIC_NO_PIC = NO;
				GCC_NO_COMMON_BLOCKS = YES;
				GCC_OPTIMIZATION_LEVEL = 0;
				GCC_PREPROCESSOR_DEFINITIONS = (
					"DEBUG=1",
					"$(inherited)",
				);
				GCC_SYMBOLS_PRIVATE_EXTERN = NO;
				GCC_WARN_64_TO_32_BIT_CONVERSION = YES;
				GCC_WARN_ABOUT_RETURN_TYPE = YES_ERROR;
				GCC_WARN_UNDECLARED_SELECTOR = YES;
				GCC_WARN_UNINITIALIZED_AUTOS = YES_AGGRESSIVE;
				GCC_WARN_UNUSED_FUNCTION = YES;
				GCC_WARN_UNUSED_VARIABLE = YES;
				IPHONEOS_DEPLOYMENT_TARGET = 9.0;
				MTL_ENABLE_DEBUG_INFO = YES;
				ONLY_ACTIVE_ARCH = YES;
				SDKROOT = iphoneos;
			};
			name = Debug;
		};
		C32934F31B2469050029E7F9 /* Release */ = {
			isa = XCBuildConfiguration;
			buildSettings = {
				ALWAYS_SEARCH_USER_PATHS = NO;
				CLANG_CXX_LANGUAGE_STANDARD = "gnu++0x";
				CLANG_CXX_LIBRARY = "libc++";
				CLANG_ENABLE_MODULES = YES;
				CLANG_ENABLE_OBJC_ARC = YES;
				CLANG_WARN_BOOL_CONVERSION = YES;
				CLANG_WARN_CONSTANT_CONVERSION = YES;
				CLANG_WARN_DIRECT_OBJC_ISA_USAGE = YES_ERROR;
				CLANG_WARN_EMPTY_BODY = YES;
				CLANG_WARN_ENUM_CONVERSION = YES;
				CLANG_WARN_INT_CONVERSION = YES;
				CLANG_WARN_OBJC_ROOT_CLASS = YES_ERROR;
				CLANG_WARN_UNREACHABLE_CODE = YES;
				CLANG_WARN__DUPLICATE_METHOD_MATCH = YES;
				"CODE_SIGN_IDENTITY[sdk=iphoneos*]" = "iPhone Developer";
				COPY_PHASE_STRIP = NO;
				DEBUG_INFORMATION_FORMAT = "dwarf-with-dsym";
				ENABLE_NS_ASSERTIONS = NO;
				ENABLE_STRICT_OBJC_MSGSEND = YES;
				GCC_C_LANGUAGE_STANDARD = gnu99;
				GCC_NO_COMMON_BLOCKS = YES;
				GCC_WARN_64_TO_32_BIT_CONVERSION = YES;
				GCC_WARN_ABOUT_RETURN_TYPE = YES_ERROR;
				GCC_WARN_UNDECLARED_SELECTOR = YES;
				GCC_WARN_UNINITIALIZED_AUTOS = YES_AGGRESSIVE;
				GCC_WARN_UNUSED_FUNCTION = YES;
				GCC_WARN_UNUSED_VARIABLE = YES;
				IPHONEOS_DEPLOYMENT_TARGET = 9.0;
				MTL_ENABLE_DEBUG_INFO = NO;
				SDKROOT = iphoneos;
				VALIDATE_PRODUCT = YES;
			};
			name = Release;
		};
		C32934F51B2469050029E7F9 /* Debug */ = {
			isa = XCBuildConfiguration;
			baseConfigurationReference = F7F1E7CE09EDE092443A6C7E /* Pods-HKProjectBase-Sample.debug.xcconfig */;
			buildSettings = {
				ASSETCATALOG_COMPILER_APPICON_NAME = AppIcon;
				INFOPLIST_FILE = "HKProjectBase-Sample/Info.plist";
				IPHONEOS_DEPLOYMENT_TARGET = 9.0;
				LD_RUNPATH_SEARCH_PATHS = "$(inherited) @executable_path/Frameworks";
				PRODUCT_BUNDLE_IDENTIFIER = "com.Harley.$(PRODUCT_NAME:rfc1034identifier)";
				PRODUCT_NAME = "$(TARGET_NAME)";
			};
			name = Debug;
		};
		C32934F61B2469050029E7F9 /* Release */ = {
			isa = XCBuildConfiguration;
			baseConfigurationReference = 9AA50200010FF44ECCEA6E86 /* Pods-HKProjectBase-Sample.release.xcconfig */;
			buildSettings = {
				ASSETCATALOG_COMPILER_APPICON_NAME = AppIcon;
				INFOPLIST_FILE = "HKProjectBase-Sample/Info.plist";
				IPHONEOS_DEPLOYMENT_TARGET = 9.0;
				LD_RUNPATH_SEARCH_PATHS = "$(inherited) @executable_path/Frameworks";
				PRODUCT_BUNDLE_IDENTIFIER = "com.Harley.$(PRODUCT_NAME:rfc1034identifier)";
				PRODUCT_NAME = "$(TARGET_NAME)";
			};
			name = Release;
		};
/* End XCBuildConfiguration section */

/* Begin XCConfigurationList section */
		C32934CC1B2469050029E7F9 /* Build configuration list for PBXProject "HKProjectBase-Sample" */ = {
			isa = XCConfigurationList;
			buildConfigurations = (
				C32934F21B2469050029E7F9 /* Debug */,
				C32934F31B2469050029E7F9 /* Release */,
			);
			defaultConfigurationIsVisible = 0;
			defaultConfigurationName = Release;
		};
		C32934F41B2469050029E7F9 /* Build configuration list for PBXNativeTarget "HKProjectBase-Sample" */ = {
			isa = XCConfigurationList;
			buildConfigurations = (
				C32934F51B2469050029E7F9 /* Debug */,
				C32934F61B2469050029E7F9 /* Release */,
			);
			defaultConfigurationIsVisible = 0;
			defaultConfigurationName = Release;
		};
/* End XCConfigurationList section */
	};
	rootObject = C32934C91B2469050029E7F9 /* Project object */;
}
